// !$*UTF8*$!
{
	archiveVersion = 1;
	classes = {
	};
	objectVersion = 56;
	objects = {

/* Begin PBXBuildFile section */
		0E8CC5F02AFBC0FD008BDC1D /* BTC_TrackerApp.swift in Sources */ = {isa = PBXBuildFile; fileRef = 0E8CC5EF2AFBC0FD008BDC1D /* BTC_TrackerApp.swift */; };
		0E8CC5F22AFBC0FD008BDC1D /* ContentView.swift in Sources */ = {isa = PBXBuildFile; fileRef = 0E8CC5F12AFBC0FD008BDC1D /* ContentView.swift */; };
		0E8CC5F42AFBC0FE008BDC1D /* Assets.xcassets in Resources */ = {isa = PBXBuildFile; fileRef = 0E8CC5F32AFBC0FE008BDC1D /* Assets.xcassets */; };
		0E8CC5F72AFBC0FE008BDC1D /* Preview Assets.xcassets in Resources */ = {isa = PBXBuildFile; fileRef = 0E8CC5F62AFBC0FE008BDC1D /* Preview Assets.xcassets */; };
		0E8CC6012AFBC0FE008BDC1D /* BTC_TrackerTests.swift in Sources */ = {isa = PBXBuildFile; fileRef = 0E8CC6002AFBC0FE008BDC1D /* BTC_TrackerTests.swift */; };
		0E8CC60B2AFBC0FE008BDC1D /* BTC_TrackerUITests.swift in Sources */ = {isa = PBXBuildFile; fileRef = 0E8CC60A2AFBC0FE008BDC1D /* BTC_TrackerUITests.swift */; };
		0E8CC60D2AFBC0FE008BDC1D /* BTC_TrackerUITestsLaunchTests.swift in Sources */ = {isa = PBXBuildFile; fileRef = 0E8CC60C2AFBC0FE008BDC1D /* BTC_TrackerUITestsLaunchTests.swift */; };
/* End PBXBuildFile section */

/* Begin PBXContainerItemProxy section */
		0E8CC5FD2AFBC0FE008BDC1D /* PBXContainerItemProxy */ = {
			isa = PBXContainerItemProxy;
			containerPortal = 0E8CC5E42AFBC0FD008BDC1D /* Project object */;
			proxyType = 1;
			remoteGlobalIDString = 0E8CC5EB2AFBC0FD008BDC1D;
			remoteInfo = "BTC-Tracker";
		};
		0E8CC6072AFBC0FE008BDC1D /* PBXContainerItemProxy */ = {
			isa = PBXContainerItemProxy;
			containerPortal = 0E8CC5E42AFBC0FD008BDC1D /* Project object */;
			proxyType = 1;
			remoteGlobalIDString = 0E8CC5EB2AFBC0FD008BDC1D;
			remoteInfo = "BTC-Tracker";
		};
/* End PBXContainerItemProxy section */

/* Begin PBXFileReference section */
		0E8CC5EC2AFBC0FD008BDC1D /* BTC-Tracker.app */ = {isa = PBXFileReference; explicitFileType = wrapper.application; includeInIndex = 0; path = "BTC-Tracker.app"; sourceTree = BUILT_PRODUCTS_DIR; };
		0E8CC5EF2AFBC0FD008BDC1D /* BTC_TrackerApp.swift */ = {isa = PBXFileReference; lastKnownFileType = sourcecode.swift; path = BTC_TrackerApp.swift; sourceTree = "<group>"; };
		0E8CC5F12AFBC0FD008BDC1D /* ContentView.swift */ = {isa = PBXFileReference; lastKnownFileType = sourcecode.swift; path = ContentView.swift; sourceTree = "<group>"; };
		0E8CC5F32AFBC0FE008BDC1D /* Assets.xcassets */ = {isa = PBXFileReference; lastKnownFileType = folder.assetcatalog; path = Assets.xcassets; sourceTree = "<group>"; };
		0E8CC5F62AFBC0FE008BDC1D /* Preview Assets.xcassets */ = {isa = PBXFileReference; lastKnownFileType = folder.assetcatalog; path = "Preview Assets.xcassets"; sourceTree = "<group>"; };
		0E8CC5FC2AFBC0FE008BDC1D /* BTC-TrackerTests.xctest */ = {isa = PBXFileReference; explicitFileType = wrapper.cfbundle; includeInIndex = 0; path = "BTC-TrackerTests.xctest"; sourceTree = BUILT_PRODUCTS_DIR; };
		0E8CC6002AFBC0FE008BDC1D /* BTC_TrackerTests.swift */ = {isa = PBXFileReference; lastKnownFileType = sourcecode.swift; path = BTC_TrackerTests.swift; sourceTree = "<group>"; };
		0E8CC6062AFBC0FE008BDC1D /* BTC-TrackerUITests.xctest */ = {isa = PBXFileReference; explicitFileType = wrapper.cfbundle; includeInIndex = 0; path = "BTC-TrackerUITests.xctest"; sourceTree = BUILT_PRODUCTS_DIR; };
		0E8CC60A2AFBC0FE008BDC1D /* BTC_TrackerUITests.swift */ = {isa = PBXFileReference; lastKnownFileType = sourcecode.swift; path = BTC_TrackerUITests.swift; sourceTree = "<group>"; };
		0E8CC60C2AFBC0FE008BDC1D /* BTC_TrackerUITestsLaunchTests.swift */ = {isa = PBXFileReference; lastKnownFileType = sourcecode.swift; path = BTC_TrackerUITestsLaunchTests.swift; sourceTree = "<group>"; };
/* End PBXFileReference section */

/* Begin PBXFrameworksBuildPhase section */
		0E8CC5E92AFBC0FD008BDC1D /* Frameworks */ = {
			isa = PBXFrameworksBuildPhase;
			buildActionMask = 2147483647;
			files = (
			);
			runOnlyForDeploymentPostprocessing = 0;
		};
		0E8CC5F92AFBC0FE008BDC1D /* Frameworks */ = {
			isa = PBXFrameworksBuildPhase;
			buildActionMask = 2147483647;
			files = (
			);
			runOnlyForDeploymentPostprocessing = 0;
		};
		0E8CC6032AFBC0FE008BDC1D /* Frameworks */ = {
			isa = PBXFrameworksBuildPhase;
			buildActionMask = 2147483647;
			files = (
			);
			runOnlyForDeploymentPostprocessing = 0;
		};
/* End PBXFrameworksBuildPhase section */

/* Begin PBXGroup section */
		0E8CC5E32AFBC0FD008BDC1D = {
			isa = PBXGroup;
			children = (
				0E8CC5EE2AFBC0FD008BDC1D /* BTC-Tracker */,
				0E8CC5FF2AFBC0FE008BDC1D /* BTC-TrackerTests */,
				0E8CC6092AFBC0FE008BDC1D /* BTC-TrackerUITests */,
				0E8CC5ED2AFBC0FD008BDC1D /* Products */,
			);
			sourceTree = "<group>";
		};
		0E8CC5ED2AFBC0FD008BDC1D /* Products */ = {
			isa = PBXGroup;
			children = (
				0E8CC5EC2AFBC0FD008BDC1D /* BTC-Tracker.app */,
				0E8CC5FC2AFBC0FE008BDC1D /* BTC-TrackerTests.xctest */,
				0E8CC6062AFBC0FE008BDC1D /* BTC-TrackerUITests.xctest */,
			);
			name = Products;
			sourceTree = "<group>";
		};
		0E8CC5EE2AFBC0FD008BDC1D /* BTC-Tracker */ = {
			isa = PBXGroup;
			children = (
				0E8CC5EF2AFBC0FD008BDC1D /* BTC_TrackerApp.swift */,
				0E8CC5F12AFBC0FD008BDC1D /* ContentView.swift */,
				0E8CC5F32AFBC0FE008BDC1D /* Assets.xcassets */,
				0E8CC5F52AFBC0FE008BDC1D /* Preview Content */,
			);
			path = "BTC-Tracker";
			sourceTree = "<group>";
		};
		0E8CC5F52AFBC0FE008BDC1D /* Preview Content */ = {
			isa = PBXGroup;
			children = (
				0E8CC5F62AFBC0FE008BDC1D /* Preview Assets.xcassets */,
			);
			path = "Preview Content";
			sourceTree = "<group>";
		};
		0E8CC5FF2AFBC0FE008BDC1D /* BTC-TrackerTests */ = {
			isa = PBXGroup;
			children = (
				0E8CC6002AFBC0FE008BDC1D /* BTC_TrackerTests.swift */,
			);
			path = "BTC-TrackerTests";
			sourceTree = "<group>";
		};
		0E8CC6092AFBC0FE008BDC1D /* BTC-TrackerUITests */ = {
			isa = PBXGroup;
			children = (
				0E8CC60A2AFBC0FE008BDC1D /* BTC_TrackerUITests.swift */,
				0E8CC60C2AFBC0FE008BDC1D /* BTC_TrackerUITestsLaunchTests.swift */,
			);
			path = "BTC-TrackerUITests";
			sourceTree = "<group>";
		};
/* End PBXGroup section */

/* Begin PBXNativeTarget section */
		0E8CC5EB2AFBC0FD008BDC1D /* BTC-Tracker */ = {
			isa = PBXNativeTarget;
			buildConfigurationList = 0E8CC6102AFBC0FE008BDC1D /* Build configuration list for PBXNativeTarget "BTC-Tracker" */;
			buildPhases = (
				0E8CC5E82AFBC0FD008BDC1D /* Sources */,
				0E8CC5E92AFBC0FD008BDC1D /* Frameworks */,
				0E8CC5EA2AFBC0FD008BDC1D /* Resources */,
			);
			buildRules = (
			);
			dependencies = (
			);
			name = "BTC-Tracker";
			productName = "BTC-Tracker";
			productReference = 0E8CC5EC2AFBC0FD008BDC1D /* BTC-Tracker.app */;
			productType = "com.apple.product-type.application";
		};
		0E8CC5FB2AFBC0FE008BDC1D /* BTC-TrackerTests */ = {
			isa = PBXNativeTarget;
			buildConfigurationList = 0E8CC6132AFBC0FE008BDC1D /* Build configuration list for PBXNativeTarget "BTC-TrackerTests" */;
			buildPhases = (
				0E8CC5F82AFBC0FE008BDC1D /* Sources */,
				0E8CC5F92AFBC0FE008BDC1D /* Frameworks */,
				0E8CC5FA2AFBC0FE008BDC1D /* Resources */,
			);
			buildRules = (
			);
			dependencies = (
				0E8CC5FE2AFBC0FE008BDC1D /* PBXTargetDependency */,
			);
			name = "BTC-TrackerTests";
			productName = "BTC-TrackerTests";
			productReference = 0E8CC5FC2AFBC0FE008BDC1D /* BTC-TrackerTests.xctest */;
			productType = "com.apple.product-type.bundle.unit-test";
		};
		0E8CC6052AFBC0FE008BDC1D /* BTC-TrackerUITests */ = {
			isa = PBXNativeTarget;
			buildConfigurationList = 0E8CC6162AFBC0FE008BDC1D /* Build configuration list for PBXNativeTarget "BTC-TrackerUITests" */;
			buildPhases = (
				0E8CC6022AFBC0FE008BDC1D /* Sources */,
				0E8CC6032AFBC0FE008BDC1D /* Frameworks */,
				0E8CC6042AFBC0FE008BDC1D /* Resources */,
			);
			buildRules = (
			);
			dependencies = (
				0E8CC6082AFBC0FE008BDC1D /* PBXTargetDependency */,
			);
			name = "BTC-TrackerUITests";
			productName = "BTC-TrackerUITests";
			productReference = 0E8CC6062AFBC0FE008BDC1D /* BTC-TrackerUITests.xctest */;
			productType = "com.apple.product-type.bundle.ui-testing";
		};
/* End PBXNativeTarget section */

/* Begin PBXProject section */
		0E8CC5E42AFBC0FD008BDC1D /* Project object */ = {
			isa = PBXProject;
			attributes = {
				BuildIndependentTargetsInParallel = 1;
				LastSwiftUpdateCheck = 1500;
				LastUpgradeCheck = 1500;
				TargetAttributes = {
					0E8CC5EB2AFBC0FD008BDC1D = {
						CreatedOnToolsVersion = 15.0.1;
					};
					0E8CC5FB2AFBC0FE008BDC1D = {
						CreatedOnToolsVersion = 15.0.1;
						TestTargetID = 0E8CC5EB2AFBC0FD008BDC1D;
					};
					0E8CC6052AFBC0FE008BDC1D = {
						CreatedOnToolsVersion = 15.0.1;
						TestTargetID = 0E8CC5EB2AFBC0FD008BDC1D;
					};
				};
			};
			buildConfigurationList = 0E8CC5E72AFBC0FD008BDC1D /* Build configuration list for PBXProject "BTC-Tracker" */;
			compatibilityVersion = "Xcode 14.0";
			developmentRegion = en;
			hasScannedForEncodings = 0;
			knownRegions = (
				en,
				Base,
			);
			mainGroup = 0E8CC5E32AFBC0FD008BDC1D;
			productRefGroup = 0E8CC5ED2AFBC0FD008BDC1D /* Products */;
			projectDirPath = "";
			projectRoot = "";
			targets = (
				0E8CC5EB2AFBC0FD008BDC1D /* BTC-Tracker */,
				0E8CC5FB2AFBC0FE008BDC1D /* BTC-TrackerTests */,
				0E8CC6052AFBC0FE008BDC1D /* BTC-TrackerUITests */,
			);
		};
/* End PBXProject section */

/* Begin PBXResourcesBuildPhase section */
		0E8CC5EA2AFBC0FD008BDC1D /* Resources */ = {
			isa = PBXResourcesBuildPhase;
			buildActionMask = 2147483647;
			files = (
				0E8CC5F72AFBC0FE008BDC1D /* Preview Assets.xcassets in Resources */,
				0E8CC5F42AFBC0FE008BDC1D /* Assets.xcassets in Resources */,
			);
			runOnlyForDeploymentPostprocessing = 0;
		};
		0E8CC5FA2AFBC0FE008BDC1D /* Resources */ = {
			isa = PBXResourcesBuildPhase;
			buildActionMask = 2147483647;
			files = (
			);
			runOnlyForDeploymentPostprocessing = 0;
		};
		0E8CC6042AFBC0FE008BDC1D /* Resources */ = {
			isa = PBXResourcesBuildPhase;
			buildActionMask = 2147483647;
			files = (
			);
			runOnlyForDeploymentPostprocessing = 0;
		};
/* End PBXResourcesBuildPhase section */

/* Begin PBXSourcesBuildPhase section */
		0E8CC5E82AFBC0FD008BDC1D /* Sources */ = {
			isa = PBXSourcesBuildPhase;
			buildActionMask = 2147483647;
			files = (
				0E8CC5F22AFBC0FD008BDC1D /* ContentView.swift in Sources */,
				0E8CC5F02AFBC0FD008BDC1D /* BTC_TrackerApp.swift in Sources */,
			);
			runOnlyForDeploymentPostprocessing = 0;
		};
		0E8CC5F82AFBC0FE008BDC1D /* Sources */ = {
			isa = PBXSourcesBuildPhase;
			buildActionMask = 2147483647;
			files = (
				0E8CC6012AFBC0FE008BDC1D /* BTC_TrackerTests.swift in Sources */,
			);
			runOnlyForDeploymentPostprocessing = 0;
		};
		0E8CC6022AFBC0FE008BDC1D /* Sources */ = {
			isa = PBXSourcesBuildPhase;
			buildActionMask = 2147483647;
			files = (
				0E8CC60B2AFBC0FE008BDC1D /* BTC_TrackerUITests.swift in Sources */,
				0E8CC60D2AFBC0FE008BDC1D /* BTC_TrackerUITestsLaunchTests.swift in Sources */,
			);
			runOnlyForDeploymentPostprocessing = 0;
		};
/* End PBXSourcesBuildPhase section */

/* Begin PBXTargetDependency section */
		0E8CC5FE2AFBC0FE008BDC1D /* PBXTargetDependency */ = {
			isa = PBXTargetDependency;
			target = 0E8CC5EB2AFBC0FD008BDC1D /* BTC-Tracker */;
			targetProxy = 0E8CC5FD2AFBC0FE008BDC1D /* PBXContainerItemProxy */;
		};
		0E8CC6082AFBC0FE008BDC1D /* PBXTargetDependency */ = {
			isa = PBXTargetDependency;
			target = 0E8CC5EB2AFBC0FD008BDC1D /* BTC-Tracker */;
			targetProxy = 0E8CC6072AFBC0FE008BDC1D /* PBXContainerItemProxy */;
		};
/* End PBXTargetDependency section */

/* Begin XCBuildConfiguration section */
		0E8CC60E2AFBC0FE008BDC1D /* Debug */ = {
			isa = XCBuildConfiguration;
			buildSettings = {
				ALWAYS_SEARCH_USER_PATHS = NO;
				ASSETCATALOG_COMPILER_GENERATE_SWIFT_ASSET_SYMBOL_EXTENSIONS = YES;
				CLANG_ANALYZER_NONNULL = YES;
				CLANG_ANALYZER_NUMBER_OBJECT_CONVERSION = YES_AGGRESSIVE;
				CLANG_CXX_LANGUAGE_STANDARD = "gnu++20";
				CLANG_ENABLE_MODULES = YES;
				CLANG_ENABLE_OBJC_ARC = YES;
				CLANG_ENABLE_OBJC_WEAK = YES;
				CLANG_WARN_BLOCK_CAPTURE_AUTORELEASING = YES;
				CLANG_WARN_BOOL_CONVERSION = YES;
				CLANG_WARN_COMMA = YES;
				CLANG_WARN_CONSTANT_CONVERSION = YES;
				CLANG_WARN_DEPRECATED_OBJC_IMPLEMENTATIONS = YES;
				CLANG_WARN_DIRECT_OBJC_ISA_USAGE = YES_ERROR;
				CLANG_WARN_DOCUMENTATION_COMMENTS = YES;
				CLANG_WARN_EMPTY_BODY = YES;
				CLANG_WARN_ENUM_CONVERSION = YES;
				CLANG_WARN_INFINITE_RECURSION = YES;
				CLANG_WARN_INT_CONVERSION = YES;
				CLANG_WARN_NON_LITERAL_NULL_CONVERSION = YES;
				CLANG_WARN_OBJC_IMPLICIT_RETAIN_SELF = YES;
				CLANG_WARN_OBJC_LITERAL_CONVERSION = YES;
				CLANG_WARN_OBJC_ROOT_CLASS = YES_ERROR;
				CLANG_WARN_QUOTED_INCLUDE_IN_FRAMEWORK_HEADER = YES;
				CLANG_WARN_RANGE_LOOP_ANALYSIS = YES;
				CLANG_WARN_STRICT_PROTOTYPES = YES;
				CLANG_WARN_SUSPICIOUS_MOVE = YES;
				CLANG_WARN_UNGUARDED_AVAILABILITY = YES_AGGRESSIVE;
				CLANG_WARN_UNREACHABLE_CODE = YES;
				CLANG_WARN__DUPLICATE_METHOD_MATCH = YES;
				COPY_PHASE_STRIP = NO;
				DEBUG_INFORMATION_FORMAT = dwarf;
				ENABLE_STRICT_OBJC_MSGSEND = YES;
				ENABLE_TESTABILITY = YES;
				ENABLE_USER_SCRIPT_SANDBOXING = YES;
				GCC_C_LANGUAGE_STANDARD = gnu17;
				GCC_DYNAMIC_NO_PIC = NO;
				GCC_NO_COMMON_BLOCKS = YES;
				GCC_OPTIMIZATION_LEVEL = 0;
				GCC_PREPROCESSOR_DEFINITIONS = (
					"DEBUG=1",
					"$(inherited)",
				);
				GCC_WARN_64_TO_32_BIT_CONVERSION = YES;
				GCC_WARN_ABOUT_RETURN_TYPE = YES_ERROR;
				GCC_WARN_UNDECLARED_SELECTOR = YES;
				GCC_WARN_UNINITIALIZED_AUTOS = YES_AGGRESSIVE;
				GCC_WARN_UNUSED_FUNCTION = YES;
				GCC_WARN_UNUSED_VARIABLE = YES;
				IPHONEOS_DEPLOYMENT_TARGET = 17.0;
				LOCALIZATION_PREFERS_STRING_CATALOGS = YES;
				MTL_ENABLE_DEBUG_INFO = INCLUDE_SOURCE;
				MTL_FAST_MATH = YES;
				ONLY_ACTIVE_ARCH = YES;
				SDKROOT = iphoneos;
				SWIFT_ACTIVE_COMPILATION_CONDITIONS = "DEBUG $(inherited)";
				SWIFT_OPTIMIZATION_LEVEL = "-Onone";
			};
			name = Debug;
		};
		0E8CC60F2AFBC0FE008BDC1D /* Release */ = {
			isa = XCBuildConfiguration;
			buildSettings = {
				ALWAYS_SEARCH_USER_PATHS = NO;
				ASSETCATALOG_COMPILER_GENERATE_SWIFT_ASSET_SYMBOL_EXTENSIONS = YES;
				CLANG_ANALYZER_NONNULL = YES;
				CLANG_ANALYZER_NUMBER_OBJECT_CONVERSION = YES_AGGRESSIVE;
				CLANG_CXX_LANGUAGE_STANDARD = "gnu++20";
				CLANG_ENABLE_MODULES = YES;
				CLANG_ENABLE_OBJC_ARC = YES;
				CLANG_ENABLE_OBJC_WEAK = YES;
				CLANG_WARN_BLOCK_CAPTURE_AUTORELEASING = YES;
				CLANG_WARN_BOOL_CONVERSION = YES;
				CLANG_WARN_COMMA = YES;
				CLANG_WARN_CONSTANT_CONVERSION = YES;
				CLANG_WARN_DEPRECATED_OBJC_IMPLEMENTATIONS = YES;
				CLANG_WARN_DIRECT_OBJC_ISA_USAGE = YES_ERROR;
				CLANG_WARN_DOCUMENTATION_COMMENTS = YES;
				CLANG_WARN_EMPTY_BODY = YES;
				CLANG_WARN_ENUM_CONVERSION = YES;
				CLANG_WARN_INFINITE_RECURSION = YES;
				CLANG_WARN_INT_CONVERSION = YES;
				CLANG_WARN_NON_LITERAL_NULL_CONVERSION = YES;
				CLANG_WARN_OBJC_IMPLICIT_RETAIN_SELF = YES;
				CLANG_WARN_OBJC_LITERAL_CONVERSION = YES;
				CLANG_WARN_OBJC_ROOT_CLASS = YES_ERROR;
				CLANG_WARN_QUOTED_INCLUDE_IN_FRAMEWORK_HEADER = YES;
				CLANG_WARN_RANGE_LOOP_ANALYSIS = YES;
				CLANG_WARN_STRICT_PROTOTYPES = YES;
				CLANG_WARN_SUSPICIOUS_MOVE = YES;
				CLANG_WARN_UNGUARDED_AVAILABILITY = YES_AGGRESSIVE;
				CLANG_WARN_UNREACHABLE_CODE = YES;
				CLANG_WARN__DUPLICATE_METHOD_MATCH = YES;
				COPY_PHASE_STRIP = NO;
				DEBUG_INFORMATION_FORMAT = "dwarf-with-dsym";
				ENABLE_NS_ASSERTIONS = NO;
				ENABLE_STRICT_OBJC_MSGSEND = YES;
				ENABLE_USER_SCRIPT_SANDBOXING = YES;
				GCC_C_LANGUAGE_STANDARD = gnu17;
				GCC_NO_COMMON_BLOCKS = YES;
				GCC_WARN_64_TO_32_BIT_CONVERSION = YES;
				GCC_WARN_ABOUT_RETURN_TYPE = YES_ERROR;
				GCC_WARN_UNDECLARED_SELECTOR = YES;
				GCC_WARN_UNINITIALIZED_AUTOS = YES_AGGRESSIVE;
				GCC_WARN_UNUSED_FUNCTION = YES;
				GCC_WARN_UNUSED_VARIABLE = YES;
				IPHONEOS_DEPLOYMENT_TARGET = 17.0;
				LOCALIZATION_PREFERS_STRING_CATALOGS = YES;
				MTL_ENABLE_DEBUG_INFO = NO;
				MTL_FAST_MATH = YES;
				SDKROOT = iphoneos;
				SWIFT_COMPILATION_MODE = wholemodule;
				VALIDATE_PRODUCT = YES;
			};
			name = Release;
		};
		0E8CC6112AFBC0FE008BDC1D /* Debug */ = {
			isa = XCBuildConfiguration;
			buildSettings = {
				ASSETCATALOG_COMPILER_APPICON_NAME = AppIcon;
				ASSETCATALOG_COMPILER_GLOBAL_ACCENT_COLOR_NAME = AccentColor;
				CODE_SIGN_STYLE = Automatic;
				CURRENT_PROJECT_VERSION = 1;
				DEVELOPMENT_ASSET_PATHS = "\"BTC-Tracker/Preview Content\"";
				DEVELOPMENT_TEAM = GFL48V469C;
				ENABLE_PREVIEWS = YES;
				GENERATE_INFOPLIST_FILE = YES;
				INFOPLIST_KEY_UIApplicationSceneManifest_Generation = YES;
				INFOPLIST_KEY_UIApplicationSupportsIndirectInputEvents = YES;
				INFOPLIST_KEY_UILaunchScreen_Generation = YES;
				INFOPLIST_KEY_UISupportedInterfaceOrientations_iPad = "UIInterfaceOrientationPortrait UIInterfaceOrientationPortraitUpsideDown UIInterfaceOrientationLandscapeLeft UIInterfaceOrientationLandscapeRight";
				INFOPLIST_KEY_UISupportedInterfaceOrientations_iPhone = "UIInterfaceOrientationPortrait UIInterfaceOrientationLandscapeLeft UIInterfaceOrientationLandscapeRight";
				LD_RUNPATH_SEARCH_PATHS = (
					"$(inherited)",
					"@executable_path/Frameworks",
				);
				MARKETING_VERSION = 1.0;
				PRODUCT_BUNDLE_IDENTIFIER = "com.sizwe.BTC-Tracker";
				PRODUCT_NAME = "$(TARGET_NAME)";
				SWIFT_EMIT_LOC_STRINGS = YES;
				SWIFT_VERSION = 5.0;
				TARGETED_DEVICE_FAMILY = "1,2";
			};
			name = Debug;
		};
		0E8CC6122AFBC0FE008BDC1D /* Release */ = {
			isa = XCBuildConfiguration;
			buildSettings = {
				ASSETCATALOG_COMPILER_APPICON_NAME = AppIcon;
				ASSETCATALOG_COMPILER_GLOBAL_ACCENT_COLOR_NAME = AccentColor;
				CODE_SIGN_STYLE = Automatic;
				CURRENT_PROJECT_VERSION = 1;
				DEVELOPMENT_ASSET_PATHS = "\"BTC-Tracker/Preview Content\"";
				DEVELOPMENT_TEAM = GFL48V469C;
				ENABLE_PREVIEWS = YES;
				GENERATE_INFOPLIST_FILE = YES;
				INFOPLIST_KEY_UIApplicationSceneManifest_Generation = YES;
				INFOPLIST_KEY_UIApplicationSupportsIndirectInputEvents = YES;
				INFOPLIST_KEY_UILaunchScreen_Generation = YES;
				INFOPLIST_KEY_UISupportedInterfaceOrientations_iPad = "UIInterfaceOrientationPortrait UIInterfaceOrientationPortraitUpsideDown UIInterfaceOrientationLandscapeLeft UIInterfaceOrientationLandscapeRight";
				INFOPLIST_KEY_UISupportedInterfaceOrientations_iPhone = "UIInterfaceOrientationPortrait UIInterfaceOrientationLandscapeLeft UIInterfaceOrientationLandscapeRight";
				LD_RUNPATH_SEARCH_PATHS = (
					"$(inherited)",
					"@executable_path/Frameworks",
				);
				MARKETING_VERSION = 1.0;
				PRODUCT_BUNDLE_IDENTIFIER = "com.sizwe.BTC-Tracker";
				PRODUCT_NAME = "$(TARGET_NAME)";
				SWIFT_EMIT_LOC_STRINGS = YES;
				SWIFT_VERSION = 5.0;
				TARGETED_DEVICE_FAMILY = "1,2";
			};
			name = Release;
		};
		0E8CC6142AFBC0FE008BDC1D /* Debug */ = {
			isa = XCBuildConfiguration;
			buildSettings = {
				ALWAYS_EMBED_SWIFT_STANDARD_LIBRARIES = YES;
				BUNDLE_LOADER = "$(TEST_HOST)";
				CODE_SIGN_STYLE = Automatic;
				CURRENT_PROJECT_VERSION = 1;
				DEVELOPMENT_TEAM = GFL48V469C;
				GENERATE_INFOPLIST_FILE = YES;
				IPHONEOS_DEPLOYMENT_TARGET = 17.0;
				MARKETING_VERSION = 1.0;
				PRODUCT_BUNDLE_IDENTIFIER = "com.sizwe.BTC-TrackerTests";
				PRODUCT_NAME = "$(TARGET_NAME)";
				SWIFT_EMIT_LOC_STRINGS = NO;
				SWIFT_VERSION = 5.0;
				TARGETED_DEVICE_FAMILY = "1,2";
				TEST_HOST = "$(BUILT_PRODUCTS_DIR)/BTC-Tracker.app/$(BUNDLE_EXECUTABLE_FOLDER_PATH)/BTC-Tracker";
			};
			name = Debug;
		};
		0E8CC6152AFBC0FE008BDC1D /* Release */ = {
			isa = XCBuildConfiguration;
			buildSettings = {
				ALWAYS_EMBED_SWIFT_STANDARD_LIBRARIES = YES;
				BUNDLE_LOADER = "$(TEST_HOST)";
				CODE_SIGN_STYLE = Automatic;
				CURRENT_PROJECT_VERSION = 1;
				DEVELOPMENT_TEAM = GFL48V469C;
				GENERATE_INFOPLIST_FILE = YES;
				IPHONEOS_DEPLOYMENT_TARGET = 17.0;
				MARKETING_VERSION = 1.0;
				PRODUCT_BUNDLE_IDENTIFIER = "com.sizwe.BTC-TrackerTests";
				PRODUCT_NAME = "$(TARGET_NAME)";
				SWIFT_EMIT_LOC_STRINGS = NO;
				SWIFT_VERSION = 5.0;
				TARGETED_DEVICE_FAMILY = "1,2";
				TEST_HOST = "$(BUILT_PRODUCTS_DIR)/BTC-Tracker.app/$(BUNDLE_EXECUTABLE_FOLDER_PATH)/BTC-Tracker";
			};
			name = Release;
		};
		0E8CC6172AFBC0FE008BDC1D /* Debug */ = {
			isa = XCBuildConfiguration;
			buildSettings = {
				ALWAYS_EMBED_SWIFT_STANDARD_LIBRARIES = YES;
				CODE_SIGN_STYLE = Automatic;
				CURRENT_PROJECT_VERSION = 1;
				DEVELOPMENT_TEAM = GFL48V469C;
				GENERATE_INFOPLIST_FILE = YES;
				MARKETING_VERSION = 1.0;
				PRODUCT_BUNDLE_IDENTIFIER = "com.sizwe.BTC-TrackerUITests";
				PRODUCT_NAME = "$(TARGET_NAME)";
				SWIFT_EMIT_LOC_STRINGS = NO;
				SWIFT_VERSION = 5.0;
				TARGETED_DEVICE_FAMILY = "1,2";
				TEST_TARGET_NAME = "BTC-Tracker";
			};
			name = Debug;
		};
		0E8CC6182AFBC0FE008BDC1D /* Release */ = {
			isa = XCBuildConfiguration;
			buildSettings = {
				ALWAYS_EMBED_SWIFT_STANDARD_LIBRARIES = YES;
				CODE_SIGN_STYLE = Automatic;
				CURRENT_PROJECT_VERSION = 1;
				DEVELOPMENT_TEAM = GFL48V469C;
				GENERATE_INFOPLIST_FILE = YES;
				MARKETING_VERSION = 1.0;
				PRODUCT_BUNDLE_IDENTIFIER = "com.sizwe.BTC-TrackerUITests";
				PRODUCT_NAME = "$(TARGET_NAME)";
				SWIFT_EMIT_LOC_STRINGS = NO;
				SWIFT_VERSION = 5.0;
				TARGETED_DEVICE_FAMILY = "1,2";
				TEST_TARGET_NAME = "BTC-Tracker";
			};
			name = Release;
		};
/* End XCBuildConfiguration section */

/* Begin XCConfigurationList section */
		0E8CC5E72AFBC0FD008BDC1D /* Build configuration list for PBXProject "BTC-Tracker" */ = {
			isa = XCConfigurationList;
			buildConfigurations = (
				0E8CC60E2AFBC0FE008BDC1D /* Debug */,
				0E8CC60F2AFBC0FE008BDC1D /* Release */,
			);
			defaultConfigurationIsVisible = 0;
			defaultConfigurationName = Release;
		};
		0E8CC6102AFBC0FE008BDC1D /* Build configuration list for PBXNativeTarget "BTC-Tracker" */ = {
			isa = XCConfigurationList;
			buildConfigurations = (
				0E8CC6112AFBC0FE008BDC1D /* Debug */,
				0E8CC6122AFBC0FE008BDC1D /* Release */,
			);
			defaultConfigurationIsVisible = 0;
			defaultConfigurationName = Release;
		};
		0E8CC6132AFBC0FE008BDC1D /* Build configuration list for PBXNativeTarget "BTC-TrackerTests" */ = {
			isa = XCConfigurationList;
			buildConfigurations = (
				0E8CC6142AFBC0FE008BDC1D /* Debug */,
				0E8CC6152AFBC0FE008BDC1D /* Release */,
			);
			defaultConfigurationIsVisible = 0;
			defaultConfigurationName = Release;
		};
		0E8CC6162AFBC0FE008BDC1D /* Build configuration list for PBXNativeTarget "BTC-TrackerUITests" */ = {
			isa = XCConfigurationList;
			buildConfigurations = (
				0E8CC6172AFBC0FE008BDC1D /* Debug */,
				0E8CC6182AFBC0FE008BDC1D /* Release */,
			);
			defaultConfigurationIsVisible = 0;
			defaultConfigurationName = Release;
		};
/* End XCConfigurationList section */
	};
	rootObject = 0E8CC5E42AFBC0FD008BDC1D /* Project object */;
}
